
Microsoft Visual Studio Solution File, Format Version 12.00
# Visual Studio Version 17
VisualStudioVersion = 17.4.33213.308
MinimumVisualStudioVersion = 10.0.40219.1
Project("{FAE04EC0-301F-11D3-BF4B-00C04F79EFBC}") = "E-Commerce.API", "E-Commerce\E-Commerce.API.csproj", "{DCAB7A28-BFD4-4C55-AC1C-747E32ED992C}"
EndProject
Project("{FAE04EC0-301F-11D3-BF4B-00C04F79EFBC}") = "E-Commerce.Core", "E-Commerce.Core\E-Commerce.Core.csproj", "{6B1C846A-24D1-4A65-9255-A9D6E1ABF386}"
EndProject
Project("{FAE04EC0-301F-11D3-BF4B-00C04F79EFBC}") = "E-Commerce.EF", "E-Commerce.EF\E-Commerce.EF.csproj", "{01B9670B-C321-47E1-9EBE-B2FF05F721F4}"
EndProject
Global
	GlobalSection(SolutionConfigurationPlatforms) = preSolution
		Debug|Any CPU = Debug|Any CPU
		Release|Any CPU = Release|Any CPU
	EndGlobalSection
	GlobalSection(ProjectConfigurationPlatforms) = postSolution
		{DCAB7A28-BFD4-4C55-AC1C-747E32ED992C}.Debug|Any CPU.ActiveCfg = Debug|Any CPU
		{DCAB7A28-BFD4-4C55-AC1C-747E32ED992C}.Debug|Any CPU.Build.0 = Debug|Any CPU
		{DCAB7A28-BFD4-4C55-AC1C-747E32ED992C}.Release|Any CPU.ActiveCfg = Release|Any CPU
		{DCAB7A28-BFD4-4C55-AC1C-747E32ED992C}.Release|Any CPU.Build.0 = Release|Any CPU
		{6B1C846A-24D1-4A65-9255-A9D6E1ABF386}.Debug|Any CPU.ActiveCfg = Debug|Any CPU
		{6B1C846A-24D1-4A65-9255-A9D6E1ABF386}.Debug|Any CPU.Build.0 = Debug|Any CPU
		{6B1C846A-24D1-4A65-9255-A9D6E1ABF386}.Release|Any CPU.ActiveCfg = Release|Any CPU
		{6B1C846A-24D1-4A65-9255-A9D6E1ABF386}.Release|Any CPU.Build.0 = Release|Any CPU
		{01B9670B-C321-47E1-9EBE-B2FF05F721F4}.Debug|Any CPU.ActiveCfg = Debug|Any CPU
		{01B9670B-C321-47E1-9EBE-B2FF05F721F4}.Debug|Any CPU.Build.0 = Debug|Any CPU
		{01B9670B-C321-47E1-9EBE-B2FF05F721F4}.Release|Any CPU.ActiveCfg = Release|Any CPU
		{01B9670B-C321-47E1-9EBE-B2FF05F721F4}.Release|Any CPU.Build.0 = Release|Any CPU
	EndGlobalSection
	GlobalSection(SolutionProperties) = preSolution
		HideSolutionNode = FALSE
	EndGlobalSection
	GlobalSection(ExtensibilityGlobals) = postSolution
		SolutionGuid = {106B6596-6136-47DE-80FE-0B32E3602564}
	EndGlobalSection
EndGlobal
